
Microsoft Visual Studio Solution File, Format Version 12.00
# Visual Studio Version 16
VisualStudioVersion = 16.0.31911.196
MinimumVisualStudioVersion = 10.0.40219.1
Project("{9A19103F-16F7-4668-BE54-9A1E7A4F7556}") = "CBCoreAppGenerator", "..\CBCoreAppGenerator\CBCoreAppGenerator.csproj", "{A83D8322-BAAF-4E36-A256-95174755FBC2}"
EndProject
Project("{FAE04EC0-301F-11D3-BF4B-00C04F79EFBC}") = "DALC", "..\DALC\DALC.csproj", "{780922F5-BDC7-4E67-9C9E-9CA434FA4FA2}"
EndProject
Global
	GlobalSection(SolutionConfigurationPlatforms) = preSolution
		Debug|Any CPU = Debug|Any CPU
		Release|Any CPU = Release|Any CPU
	EndGlobalSection
	GlobalSection(ProjectConfigurationPlatforms) = postSolution
		{A83D8322-BAAF-4E36-A256-95174755FBC2}.Debug|Any CPU.ActiveCfg = Debug|Any CPU
		{A83D8322-BAAF-4E36-A256-95174755FBC2}.Debug|Any CPU.Build.0 = Debug|Any CPU
		{A83D8322-BAAF-4E36-A256-95174755FBC2}.Release|Any CPU.ActiveCfg = Release|Any CPU
		{A83D8322-BAAF-4E36-A256-95174755FBC2}.Release|Any CPU.Build.0 = Release|Any CPU
		{780922F5-BDC7-4E67-9C9E-9CA434FA4FA2}.Debug|Any CPU.ActiveCfg = Debug|Any CPU
		{780922F5-BDC7-4E67-9C9E-9CA434FA4FA2}.Debug|Any CPU.Build.0 = Debug|Any CPU
		{780922F5-BDC7-4E67-9C9E-9CA434FA4FA2}.Release|Any CPU.ActiveCfg = Release|Any CPU
		{780922F5-BDC7-4E67-9C9E-9CA434FA4FA2}.Release|Any CPU.Build.0 = Release|Any CPU
	EndGlobalSection
	GlobalSection(SolutionProperties) = preSolution
		HideSolutionNode = FALSE
	EndGlobalSection
	GlobalSection(ExtensibilityGlobals) = postSolution
		SolutionGuid = {996578C7-BB67-4AE5-BC44-9602877B8576}
	EndGlobalSection
EndGlobal
